dependencies:
  espressif/mdns:
    component_hash: 57d784cbe88b55b46ec815045153d195aca368a8019bb1eba9b0eb1d7e8f2de8
    source:
      service_url: https://api.components.espressif.com/
      type: service
    version: 1.0.8
  idf:
    component_hash: null
    source:
      type: idf
    version: 5.0.0
manifest_hash: 9842d895fa2035e57deeff23e7672ba7a0138d5c055967e53332827a6a3a7e0f
target: esp32
version: 1.0.0
