dependencies:
  espressif/mdns:
    component_hash: 810ec139689ae93bf42520d05de4855fbb68f7140ef67797d91d8d61829589cb
    source:
      service_url: https://api.components.espressif.com/
      type: service
    version: 1.2.2
  idf:
    component_hash: null
    source:
      type: idf
    version: 5.1.2
manifest_hash: f07478b4217cadfb47c3d14602d60c69fe72bea2bcf6d412a6d50a2eb6af3c56
target: esp32
version: 1.0.0
